<?xml version="1.0" encoding="utf-8"?>
<Project ToolsVersion="4.0" xmlns="http://schemas.microsoft.com/developer/msbuild/2003">
  <ItemGroup>
    <Filter Include="Source Files">
      <UniqueIdentifier>{4FC737F1-C7A5-4376-A066-2A32D752A2FF}</UniqueIdentifier>
      <Extensions>cpp;c;cc;cxx;def;odl;idl;hpj;bat;asm;asmx</Extensions>
    </Filter>
    <Filter Include="Header Files">
      <UniqueIdentifier>{93995380-89BD-4b04-88EB-625FBE52EBFB}</UniqueIdentifier>
      <Extensions>h;hh;hpp;hxx;hm;inl;inc;xsd</Extensions>
    </Filter>
    <Filter Include="Resource Files">
      <UniqueIdentifier>{D9D6E242-F8AF-46E4-B9FD-80ECBC20BA3E}</UniqueIdentifier>
      <Extensions>qrc;*</Extensions>
      <ParseFiles>false</ParseFiles>
    </Filter>
    <Filter Include="Resource Files">
      <UniqueIdentifier>{D9D6E242-F8AF-46E4-B9FD-80ECBC20BA3E}</UniqueIdentifier>
      <Extensions>qrc;*</Extensions>
      <ParseFiles>false</ParseFiles>
    </Filter>
    <Filter Include="Header Files\entity">
      <UniqueIdentifier>{718ca163-d792-4869-ae64-2cfaec9a938d}</UniqueIdentifier>
    </Filter>
    <Filter Include="Header Files\dao">
      <UniqueIdentifier>{a0bb0c9c-36ab-4f1f-b736-e53eb06939c4}</UniqueIdentifier>
    </Filter>
    <Filter Include="Source Files\dao">
      <UniqueIdentifier>{6b40e53d-fc48-4e12-8554-80b322802ea5}</UniqueIdentifier>
    </Filter>
  </ItemGroup>
  <ItemGroup>
    <ClInclude Include="rdao_global.h">
      <Filter>Header Files</Filter>
    </ClInclude>
    <ClInclude Include="dbconnection.h">
      <Filter>Header Files</Filter>
    </ClInclude>
    <ClInclude Include="debugsqlquery.h">
      <Filter>Header Files</Filter>
    </ClInclude>
    <ClInclude Include="errors.h">
      <Filter>Header Files</Filter>
    </ClInclude>
    <ClInclude Include="entity\endoscope.h">
      <Filter>Header Files\entity</Filter>
    </ClInclude>
    <ClInclude Include="entity\operator.h">
      <Filter>Header Files\entity</Filter>
    </ClInclude>
    <ClInclude Include="entity\enums.h">
      <Filter>Header Files\entity</Filter>
    </ClInclude>
    <ClInclude Include="entity\machine.h">
      <Filter>Header Files\entity</Filter>
    </ClInclude>
    <ClInclude Include="entity\trace.h">
      <Filter>Header Files\entity</Filter>
    </ClInclude>
    <ClInclude Include="entity\reader.h">
      <Filter>Header Files\entity</Filter>
    </ClInclude>
    <ClInclude Include="entity\fluid.h">
      <Filter>Header Files\entity</Filter>
    </ClInclude>
    <ClInclude Include="entity\storage.h">
      <Filter>Header Files\entity</Filter>
    </ClInclude>
    <ClInclude Include="dao\operatordao.h">
      <Filter>Header Files\dao</Filter>
    </ClInclude>
    <ClInclude Include="dao\endoscopedao.h">
      <Filter>Header Files\dao</Filter>
    </ClInclude>
    <ClInclude Include="dao\machinedao.h">
      <Filter>Header Files\dao</Filter>
    </ClInclude>
    <ClInclude Include="dao\fluidao.h">
      <Filter>Header Files\dao</Filter>
    </ClInclude>
    <ClInclude Include="dao\flowdao.h">
      <Filter>Header Files\dao</Filter>
    </ClInclude>
    <ClInclude Include="entity\flow.h">
      <Filter>Header Files\entity</Filter>
    </ClInclude>
    <ClInclude Include="dao\tracedao.h">
      <Filter>Header Files\dao</Filter>
    </ClInclude>
    <ClInclude Include="entity\patient.h">
      <Filter>Header Files\entity</Filter>
    </ClInclude>
    <ClInclude Include="dao\clinicdao.h">
      <Filter>Header Files\dao</Filter>
    </ClInclude>
    <ClInclude Include="dao\historydao.h">
      <Filter>Header Files\dao</Filter>
    </ClInclude>
    <ClInclude Include="entity\history.h">
      <Filter>Header Files\entity</Filter>
    </ClInclude>
  </ItemGroup>
  <ItemGroup>
    <ClCompile Include="dbconnection.cpp">
      <Filter>Source Files</Filter>
    </ClCompile>
    <ClCompile Include="debugsqlquery.cpp">
      <Filter>Source Files</Filter>
    </ClCompile>
  </ItemGroup>
</Project>