
Microsoft Visual Studio Solution File, Format Version 12.00
# Visual Studio 15
VisualStudioVersion = 15.0.28010.2019
MinimumVisualStudioVersion = 10.0.40219.1
Project("{8BC9CEB8-8B4A-11D0-8D11-00A0C91BC942}") = "mendo", "mendo\mendo.vcxproj", "{8FC4FFBE-478F-44BC-89A8-004287EA7588}"
	ProjectSection(ProjectDependencies) = postProject
		{E45A7A2D-0E97-4574-8D83-257D452305D4} = {E45A7A2D-0E97-4574-8D83-257D452305D4}
		{A59A3C44-1B76-4357-AD78-67FDD82B1E67} = {A59A3C44-1B76-4357-AD78-67FDD82B1E67}
		{2B7E356F-9AB5-40BB-A2CC-2C92F9CA59B2} = {2B7E356F-9AB5-40BB-A2CC-2C92F9CA59B2}
		{F14A87FC-7E1D-4D85-B9AC-F070855A1A79} = {F14A87FC-7E1D-4D85-B9AC-F070855A1A79}
	EndProjectSection
EndProject
Project("{8BC9CEB8-8B4A-11D0-8D11-00A0C91BC942}") = "rcore", "libs\rcore\rcore.vcxproj", "{E45A7A2D-0E97-4574-8D83-257D452305D4}"
EndProject
Project("{8BC9CEB8-8B4A-11D0-8D11-00A0C91BC942}") = "rdao", "libs\rdao\rdao.vcxproj", "{F14A87FC-7E1D-4D85-B9AC-F070855A1A79}"
	ProjectSection(ProjectDependencies) = postProject
		{E45A7A2D-0E97-4574-8D83-257D452305D4} = {E45A7A2D-0E97-4574-8D83-257D452305D4}
	EndProjectSection
EndProject
Project("{8BC9CEB8-8B4A-11D0-8D11-00A0C91BC942}") = "mreader", "libs\mreader\mreader.vcxproj", "{A59A3C44-1B76-4357-AD78-67FDD82B1E67}"
EndProject
Project("{8BC9CEB8-8B4A-11D0-8D11-00A0C91BC942}") = "mui", "libs\mui\mui.vcxproj", "{2B7E356F-9AB5-40BB-A2CC-2C92F9CA59B2}"
EndProject
Global
	GlobalSection(SolutionConfigurationPlatforms) = preSolution
		Debug|x86 = Debug|x86
		Release|x86 = Release|x86
	EndGlobalSection
	GlobalSection(ProjectConfigurationPlatforms) = postSolution
		{8FC4FFBE-478F-44BC-89A8-004287EA7588}.Debug|x86.ActiveCfg = Debug|Win32
		{8FC4FFBE-478F-44BC-89A8-004287EA7588}.Debug|x86.Build.0 = Debug|Win32
		{8FC4FFBE-478F-44BC-89A8-004287EA7588}.Release|x86.ActiveCfg = Release|Win32
		{8FC4FFBE-478F-44BC-89A8-004287EA7588}.Release|x86.Build.0 = Release|Win32
		{E45A7A2D-0E97-4574-8D83-257D452305D4}.Debug|x86.ActiveCfg = Debug|Win32
		{E45A7A2D-0E97-4574-8D83-257D452305D4}.Debug|x86.Build.0 = Debug|Win32
		{E45A7A2D-0E97-4574-8D83-257D452305D4}.Release|x86.ActiveCfg = Release|Win32
		{E45A7A2D-0E97-4574-8D83-257D452305D4}.Release|x86.Build.0 = Release|Win32
		{F14A87FC-7E1D-4D85-B9AC-F070855A1A79}.Debug|x86.ActiveCfg = Debug|Win32
		{F14A87FC-7E1D-4D85-B9AC-F070855A1A79}.Debug|x86.Build.0 = Debug|Win32
		{F14A87FC-7E1D-4D85-B9AC-F070855A1A79}.Release|x86.ActiveCfg = Release|Win32
		{F14A87FC-7E1D-4D85-B9AC-F070855A1A79}.Release|x86.Build.0 = Release|Win32
		{A59A3C44-1B76-4357-AD78-67FDD82B1E67}.Debug|x86.ActiveCfg = Debug|Win32
		{A59A3C44-1B76-4357-AD78-67FDD82B1E67}.Debug|x86.Build.0 = Debug|Win32
		{A59A3C44-1B76-4357-AD78-67FDD82B1E67}.Release|x86.ActiveCfg = Release|Win32
		{A59A3C44-1B76-4357-AD78-67FDD82B1E67}.Release|x86.Build.0 = Release|Win32
		{2B7E356F-9AB5-40BB-A2CC-2C92F9CA59B2}.Debug|x86.ActiveCfg = Debug|Win32
		{2B7E356F-9AB5-40BB-A2CC-2C92F9CA59B2}.Debug|x86.Build.0 = Debug|Win32
		{2B7E356F-9AB5-40BB-A2CC-2C92F9CA59B2}.Release|x86.ActiveCfg = Release|Win32
		{2B7E356F-9AB5-40BB-A2CC-2C92F9CA59B2}.Release|x86.Build.0 = Release|Win32
	EndGlobalSection
	GlobalSection(SolutionProperties) = preSolution
		HideSolutionNode = FALSE
	EndGlobalSection
	GlobalSection(ExtensibilityGlobals) = postSolution
		SolutionGuid = {02476046-81BB-4AE7-8287-81EF05C95306}
	EndGlobalSection
EndGlobal
